{
  "originHash" : "48ba6bd3e52564bb04e5f3c73fa051d52b6a18f170e6e42c5addcd6d945b15cc",
  "pins" : [
    {
      "identity" : "asyncextensions",
      "kind" : "remoteSourceControl",
      "location" : "https://github.com/alrzi/AsyncExtensions.git",
      "state" : {
        "revision" : "1e60fa6a54e7588db1d84542f1bb35fecd59368c",
        "version" : "1.0.0"
      }
    },
    {
      "identity" : "hybridcache",
      "kind" : "remoteSourceControl",
      "location" : "https://github.com/alrzi/HybridCache.git",
      "state" : {
        "branch" : "main",
        "revision" : "3046d8bd97ef146d15cb16e9d77dfa02a4b6703a"
      }
    },
    {
      "identity" : "kingfisher",
      "kind" : "remoteSourceControl",
      "location" : "https://github.com/onevcat/Kingfisher.git",
      "state" : {
        "revision" : "c92b84898e34ab46ff0dad86c02a0acbe2d87008",
        "version" : "8.8.0"
      }
    },
    {
      "identity" : "networkservice",
      "kind" : "remoteSourceControl",
      "location" : "https://github.com/alrzi/NetworkService.git",
      "state" : {
        "revision" : "fe9b8f8e349a9d5926e21f55c3029fb817cdea08",
        "version" : "1.0.0"
      }
    },
    {
      "identity" : "swiftlintplugins",
      "kind" : "remoteSourceControl",
      "location" : "https://github.com/SimplyDanny/SwiftLintPlugins",
      "state" : {
        "revision" : "8a4640d14777685ba8f14e832373160498fbab92",
        "version" : "0.63.2"
      }
    },
    {
      "identity" : "swinject",
      "kind" : "remoteSourceControl",
      "location" : "https://github.com/Swinject/Swinject.git",
      "state" : {
        "revision" : "b685b549fe4d8ae265fc7a2f27d0789720425d69",
        "version" : "2.10.0"
      }
    }
  ],
  "version" : 3
}
