// !$*UTF8*$!
{
	archiveVersion = 1;
	classes = {
	};
	objectVersion = 71;
	objects = {

/* Begin PBXBuildFile section */
		296155582EC7910900D035DC /* NetworkService in Frameworks */ = {isa = PBXBuildFile; productRef = 296155572EC7910900D035DC /* NetworkService */; };
		296819C72F75993B00823A3A /* Kingfisher in Frameworks */ = {isa = PBXBuildFile; productRef = 296819C62F75993B00823A3A /* Kingfisher */; };
		29681DEE2F759D8500823A3A /* Swinject in Frameworks */ = {isa = PBXBuildFile; productRef = 29681DED2F759D8500823A3A /* Swinject */; };
		29681DF12F759D8C00823A3A /* Swinject in Frameworks */ = {isa = PBXBuildFile; productRef = 29681DF02F759D8C00823A3A /* Swinject */; };
		29681DF32F759D9100823A3A /* Swinject in Frameworks */ = {isa = PBXBuildFile; productRef = 29681DF22F759D9100823A3A /* Swinject */; };
		2998DDB72F7581A30057B2AD /* NetworkService in Frameworks */ = {isa = PBXBuildFile; productRef = 2998DDB62F7581A30057B2AD /* NetworkService */; };
		2998DDB92F7581A30057B2AD /* NetworkServiceDomain in Frameworks */ = {isa = PBXBuildFile; productRef = 2998DDB82F7581A30057B2AD /* NetworkServiceDomain */; };
		F93FC47D2D788E37006FF4F4 /* ImageListDomain.framework in Frameworks */ = {isa = PBXBuildFile; fileRef = F93FC4772D788E37006FF4F4 /* ImageListDomain.framework */; };
		F93FC47E2D788E37006FF4F4 /* ImageListDomain.framework in Embed Frameworks */ = {isa = PBXBuildFile; fileRef = F93FC4772D788E37006FF4F4 /* ImageListDomain.framework */; settings = {ATTRIBUTES = (CodeSignOnCopy, RemoveHeadersOnCopy, ); }; };
		F93FE8B12D789BFF006FF4F4 /* ImageListData.framework in Frameworks */ = {isa = PBXBuildFile; fileRef = F93FE8A92D789BFF006FF4F4 /* ImageListData.framework */; };
		F93FE8BC2D789BFF006FF4F4 /* ImageListData.framework in Frameworks */ = {isa = PBXBuildFile; fileRef = F93FE8A92D789BFF006FF4F4 /* ImageListData.framework */; };
		F93FE8BD2D789BFF006FF4F4 /* ImageListData.framework in Embed Frameworks */ = {isa = PBXBuildFile; fileRef = F93FE8A92D789BFF006FF4F4 /* ImageListData.framework */; settings = {ATTRIBUTES = (CodeSignOnCopy, RemoveHeadersOnCopy, ); }; };
		F93FE8CD2D789C38006FF4F4 /* NetworkService in Frameworks */ = {isa = PBXBuildFile; productRef = F93FE8CC2D789C38006FF4F4 /* NetworkService */; };
		F99266322D78D51700CD4255 /* ImageListDomain.framework in Frameworks */ = {isa = PBXBuildFile; fileRef = F93FC4772D788E37006FF4F4 /* ImageListDomain.framework */; };
		F99266332D78D51700CD4255 /* ImageListDomain.framework in Embed Frameworks */ = {isa = PBXBuildFile; fileRef = F93FC4772D788E37006FF4F4 /* ImageListDomain.framework */; settings = {ATTRIBUTES = (CodeSignOnCopy, RemoveHeadersOnCopy, ); }; };
/* End PBXBuildFile section */

/* Begin PBXContainerItemProxy section */
		F909C77A29C32A5500CBA2E9 /* PBXContainerItemProxy */ = {
			isa = PBXContainerItemProxy;
			containerPortal = F9843EE3295847EA00EB2CF4 /* Project object */;
			proxyType = 1;
			remoteGlobalIDString = F9843EEA295847EA00EB2CF4;
			remoteInfo = ImageList;
		};
		F93FC47B2D788E37006FF4F4 /* PBXContainerItemProxy */ = {
			isa = PBXContainerItemProxy;
			containerPortal = F9843EE3295847EA00EB2CF4 /* Project object */;
			proxyType = 1;
			remoteGlobalIDString = F93FC4762D788E37006FF4F4;
			remoteInfo = Domain;
		};
		F93FE8B22D789BFF006FF4F4 /* PBXContainerItemProxy */ = {
			isa = PBXContainerItemProxy;
			containerPortal = F9843EE3295847EA00EB2CF4 /* Project object */;
			proxyType = 1;
			remoteGlobalIDString = F93FE8A82D789BFF006FF4F4;
			remoteInfo = ImageListData;
		};
		F93FE8B42D789BFF006FF4F4 /* PBXContainerItemProxy */ = {
			isa = PBXContainerItemProxy;
			containerPortal = F9843EE3295847EA00EB2CF4 /* Project object */;
			proxyType = 1;
			remoteGlobalIDString = F9843EEA295847EA00EB2CF4;
			remoteInfo = ImageList;
		};
		F93FE8BA2D789BFF006FF4F4 /* PBXContainerItemProxy */ = {
			isa = PBXContainerItemProxy;
			containerPortal = F9843EE3295847EA00EB2CF4 /* Project object */;
			proxyType = 1;
			remoteGlobalIDString = F93FE8A82D789BFF006FF4F4;
			remoteInfo = ImageListData;
		};
		F99266342D78D51700CD4255 /* PBXContainerItemProxy */ = {
			isa = PBXContainerItemProxy;
			containerPortal = F9843EE3295847EA00EB2CF4 /* Project object */;
			proxyType = 1;
			remoteGlobalIDString = F93FC4762D788E37006FF4F4;
			remoteInfo = ImageListDomain;
		};
		F9A2913729B74A1C00CE9BE4 /* PBXContainerItemProxy */ = {
			isa = PBXContainerItemProxy;
			containerPortal = F9843EE3295847EA00EB2CF4 /* Project object */;
			proxyType = 1;
			remoteGlobalIDString = F9843EEA295847EA00EB2CF4;
			remoteInfo = ImageList;
		};
/* End PBXContainerItemProxy section */

/* Begin PBXCopyFilesBuildPhase section */
		F93FC4832D788E37006FF4F4 /* Embed Frameworks */ = {
			isa = PBXCopyFilesBuildPhase;
			buildActionMask = 2147483647;
			dstPath = "";
			dstSubfolderSpec = 10;
			files = (
				F93FE8BD2D789BFF006FF4F4 /* ImageListData.framework in Embed Frameworks */,
				F93FC47E2D788E37006FF4F4 /* ImageListDomain.framework in Embed Frameworks */,
			);
			name = "Embed Frameworks";
			runOnlyForDeploymentPostprocessing = 0;
		};
		F99266362D78D51700CD4255 /* Embed Frameworks */ = {
			isa = PBXCopyFilesBuildPhase;
			buildActionMask = 2147483647;
			dstPath = "";
			dstSubfolderSpec = 10;
			files = (
				F99266332D78D51700CD4255 /* ImageListDomain.framework in Embed Frameworks */,
			);
			name = "Embed Frameworks";
			runOnlyForDeploymentPostprocessing = 0;
		};
/* End PBXCopyFilesBuildPhase section */

/* Begin PBXFileReference section */
		F909C77429C32A5500CBA2E9 /* ImageListUITests.xctest */ = {isa = PBXFileReference; explicitFileType = wrapper.cfbundle; includeInIndex = 0; path = ImageListUITests.xctest; sourceTree = BUILT_PRODUCTS_DIR; };
		F93FC4772D788E37006FF4F4 /* ImageListDomain.framework */ = {isa = PBXFileReference; explicitFileType = wrapper.framework; includeInIndex = 0; path = ImageListDomain.framework; sourceTree = BUILT_PRODUCTS_DIR; };
		F93FE8A92D789BFF006FF4F4 /* ImageListData.framework */ = {isa = PBXFileReference; explicitFileType = wrapper.framework; includeInIndex = 0; path = ImageListData.framework; sourceTree = BUILT_PRODUCTS_DIR; };
		F93FE8B02D789BFF006FF4F4 /* ImageListDataTests.xctest */ = {isa = PBXFileReference; explicitFileType = wrapper.cfbundle; includeInIndex = 0; path = ImageListDataTests.xctest; sourceTree = BUILT_PRODUCTS_DIR; };
		F9843EEB295847EA00EB2CF4 /* ImageList.app */ = {isa = PBXFileReference; explicitFileType = wrapper.application; includeInIndex = 0; path = ImageList.app; sourceTree = BUILT_PRODUCTS_DIR; };
		F9A2913329B74A1C00CE9BE4 /* ImageListTests.xctest */ = {isa = PBXFileReference; explicitFileType = wrapper.cfbundle; includeInIndex = 0; path = ImageListTests.xctest; sourceTree = BUILT_PRODUCTS_DIR; };
/* End PBXFileReference section */

/* Begin PBXFileSystemSynchronizedBuildFileExceptionSet section */
		F9DF9F002D6658E600935115 /* PBXFileSystemSynchronizedBuildFileExceptionSet */ = {
			isa = PBXFileSystemSynchronizedBuildFileExceptionSet;
			membershipExceptions = (
				Info.plist,
			);
			target = F9843EEA295847EA00EB2CF4 /* ImageList */;
		};
/* End PBXFileSystemSynchronizedBuildFileExceptionSet section */

/* Begin PBXFileSystemSynchronizedRootGroup section */
		F93FC4782D788E37006FF4F4 /* ImageListDomain */ = {isa = PBXFileSystemSynchronizedRootGroup; explicitFileTypes = {}; explicitFolders = (); path = ImageListDomain; sourceTree = "<group>"; };
		F93FE8AA2D789BFF006FF4F4 /* ImageListData */ = {isa = PBXFileSystemSynchronizedRootGroup; explicitFileTypes = {}; explicitFolders = (); path = ImageListData; sourceTree = "<group>"; };
		F93FE8B62D789BFF006FF4F4 /* ImageListDataTests */ = {isa = PBXFileSystemSynchronizedRootGroup; explicitFileTypes = {}; explicitFolders = (); path = ImageListDataTests; sourceTree = "<group>"; };
		F9DF9ECC2D6658E600935115 /* ImageList */ = {isa = PBXFileSystemSynchronizedRootGroup; exceptions = (F9DF9F002D6658E600935115 /* PBXFileSystemSynchronizedBuildFileExceptionSet */, ); explicitFileTypes = {}; explicitFolders = (); path = ImageList; sourceTree = "<group>"; };
		F9DF9F0E2D6658EE00935115 /* ImageListUITests */ = {isa = PBXFileSystemSynchronizedRootGroup; explicitFileTypes = {}; explicitFolders = (); path = ImageListUITests; sourceTree = "<group>"; };
/* End PBXFileSystemSynchronizedRootGroup section */

/* Begin PBXFrameworksBuildPhase section */
		F909C77129C32A5500CBA2E9 /* Frameworks */ = {
			isa = PBXFrameworksBuildPhase;
			buildActionMask = 2147483647;
			files = (
			);
			runOnlyForDeploymentPostprocessing = 0;
		};
		F93FC4742D788E37006FF4F4 /* Frameworks */ = {
			isa = PBXFrameworksBuildPhase;
			buildActionMask = 2147483647;
			files = (
				29681DF12F759D8C00823A3A /* Swinject in Frameworks */,
			);
			runOnlyForDeploymentPostprocessing = 0;
		};
		F93FE8A62D789BFF006FF4F4 /* Frameworks */ = {
			isa = PBXFrameworksBuildPhase;
			buildActionMask = 2147483647;
			files = (
				F99266322D78D51700CD4255 /* ImageListDomain.framework in Frameworks */,
				2998DDB92F7581A30057B2AD /* NetworkServiceDomain in Frameworks */,
				2998DDB72F7581A30057B2AD /* NetworkService in Frameworks */,
				F93FE8CD2D789C38006FF4F4 /* NetworkService in Frameworks */,
				296155582EC7910900D035DC /* NetworkService in Frameworks */,
				29681DF32F759D9100823A3A /* Swinject in Frameworks */,
			);
			runOnlyForDeploymentPostprocessing = 0;
		};
		F93FE8AD2D789BFF006FF4F4 /* Frameworks */ = {
			isa = PBXFrameworksBuildPhase;
			buildActionMask = 2147483647;
			files = (
				F93FE8B12D789BFF006FF4F4 /* ImageListData.framework in Frameworks */,
			);
			runOnlyForDeploymentPostprocessing = 0;
		};
		F9843EE8295847EA00EB2CF4 /* Frameworks */ = {
			isa = PBXFrameworksBuildPhase;
			buildActionMask = 2147483647;
			files = (
				296819C72F75993B00823A3A /* Kingfisher in Frameworks */,
				F93FC47D2D788E37006FF4F4 /* ImageListDomain.framework in Frameworks */,
				F93FE8BC2D789BFF006FF4F4 /* ImageListData.framework in Frameworks */,
				29681DEE2F759D8500823A3A /* Swinject in Frameworks */,
			);
			runOnlyForDeploymentPostprocessing = 0;
		};
		F9A2913029B74A1C00CE9BE4 /* Frameworks */ = {
			isa = PBXFrameworksBuildPhase;
			buildActionMask = 2147483647;
			files = (
			);
			runOnlyForDeploymentPostprocessing = 0;
		};
/* End PBXFrameworksBuildPhase section */

/* Begin PBXGroup section */
		29681DEF2F759D8C00823A3A /* Frameworks */ = {
			isa = PBXGroup;
			children = (
			);
			name = Frameworks;
			sourceTree = "<group>";
		};
		F9843EE2295847EA00EB2CF4 = {
			isa = PBXGroup;
			children = (
				F9DF9ECC2D6658E600935115 /* ImageList */,
				F9DF9F0E2D6658EE00935115 /* ImageListUITests */,
				F93FC4782D788E37006FF4F4 /* ImageListDomain */,
				F93FE8AA2D789BFF006FF4F4 /* ImageListData */,
				F93FE8B62D789BFF006FF4F4 /* ImageListDataTests */,
				29681DEF2F759D8C00823A3A /* Frameworks */,
				F9843EEC295847EA00EB2CF4 /* Products */,
			);
			sourceTree = "<group>";
		};
		F9843EEC295847EA00EB2CF4 /* Products */ = {
			isa = PBXGroup;
			children = (
				F9843EEB295847EA00EB2CF4 /* ImageList.app */,
				F9A2913329B74A1C00CE9BE4 /* ImageListTests.xctest */,
				F909C77429C32A5500CBA2E9 /* ImageListUITests.xctest */,
				F93FC4772D788E37006FF4F4 /* ImageListDomain.framework */,
				F93FE8A92D789BFF006FF4F4 /* ImageListData.framework */,
				F93FE8B02D789BFF006FF4F4 /* ImageListDataTests.xctest */,
			);
			name = Products;
			sourceTree = "<group>";
		};
/* End PBXGroup section */

/* Begin PBXHeadersBuildPhase section */
		F93FC4722D788E37006FF4F4 /* Headers */ = {
			isa = PBXHeadersBuildPhase;
			buildActionMask = 2147483647;
			files = (
			);
			runOnlyForDeploymentPostprocessing = 0;
		};
		F93FE8A42D789BFF006FF4F4 /* Headers */ = {
			isa = PBXHeadersBuildPhase;
			buildActionMask = 2147483647;
			files = (
			);
			runOnlyForDeploymentPostprocessing = 0;
		};
/* End PBXHeadersBuildPhase section */

/* Begin PBXNativeTarget section */
		F909C77329C32A5500CBA2E9 /* ImageListUITests */ = {
			isa = PBXNativeTarget;
			buildConfigurationList = F909C77C29C32A5500CBA2E9 /* Build configuration list for PBXNativeTarget "ImageListUITests" */;
			buildPhases = (
				F909C77029C32A5500CBA2E9 /* Sources */,
				F909C77129C32A5500CBA2E9 /* Frameworks */,
				F909C77229C32A5500CBA2E9 /* Resources */,
			);
			buildRules = (
			);
			dependencies = (
				F909C77B29C32A5500CBA2E9 /* PBXTargetDependency */,
			);
			fileSystemSynchronizedGroups = (
				F9DF9F0E2D6658EE00935115 /* ImageListUITests */,
			);
			name = ImageListUITests;
			productName = ImageListUITests;
			productReference = F909C77429C32A5500CBA2E9 /* ImageListUITests.xctest */;
			productType = "com.apple.product-type.bundle.ui-testing";
		};
		F93FC4762D788E37006FF4F4 /* ImageListDomain */ = {
			isa = PBXNativeTarget;
			buildConfigurationList = F93FC47F2D788E37006FF4F4 /* Build configuration list for PBXNativeTarget "ImageListDomain" */;
			buildPhases = (
				F93FC4722D788E37006FF4F4 /* Headers */,
				F93FC4732D788E37006FF4F4 /* Sources */,
				F93FC4742D788E37006FF4F4 /* Frameworks */,
				F93FC4752D788E37006FF4F4 /* Resources */,
			);
			buildRules = (
			);
			dependencies = (
			);
			fileSystemSynchronizedGroups = (
				F93FC4782D788E37006FF4F4 /* ImageListDomain */,
			);
			name = ImageListDomain;
			packageProductDependencies = (
				29681DF02F759D8C00823A3A /* Swinject */,
			);
			productName = Domain;
			productReference = F93FC4772D788E37006FF4F4 /* ImageListDomain.framework */;
			productType = "com.apple.product-type.framework";
		};
		F93FE8A82D789BFF006FF4F4 /* ImageListData */ = {
			isa = PBXNativeTarget;
			buildConfigurationList = F93FE8BE2D789BFF006FF4F4 /* Build configuration list for PBXNativeTarget "ImageListData" */;
			buildPhases = (
				F93FE8A42D789BFF006FF4F4 /* Headers */,
				F93FE8A52D789BFF006FF4F4 /* Sources */,
				F93FE8A62D789BFF006FF4F4 /* Frameworks */,
				F93FE8A72D789BFF006FF4F4 /* Resources */,
				F99266362D78D51700CD4255 /* Embed Frameworks */,
			);
			buildRules = (
			);
			dependencies = (
				F99266352D78D51700CD4255 /* PBXTargetDependency */,
			);
			fileSystemSynchronizedGroups = (
				F93FE8AA2D789BFF006FF4F4 /* ImageListData */,
			);
			name = ImageListData;
			packageProductDependencies = (
				F93FE8CC2D789C38006FF4F4 /* NetworkService */,
				296155572EC7910900D035DC /* NetworkService */,
				2998DDB62F7581A30057B2AD /* NetworkService */,
				2998DDB82F7581A30057B2AD /* NetworkServiceDomain */,
				29681DF22F759D9100823A3A /* Swinject */,
			);
			productName = ImageListData;
			productReference = F93FE8A92D789BFF006FF4F4 /* ImageListData.framework */;
			productType = "com.apple.product-type.framework";
		};
		F93FE8AF2D789BFF006FF4F4 /* ImageListDataTests */ = {
			isa = PBXNativeTarget;
			buildConfigurationList = F93FE8C22D789BFF006FF4F4 /* Build configuration list for PBXNativeTarget "ImageListDataTests" */;
			buildPhases = (
				F93FE8AC2D789BFF006FF4F4 /* Sources */,
				F93FE8AD2D789BFF006FF4F4 /* Frameworks */,
				F93FE8AE2D789BFF006FF4F4 /* Resources */,
			);
			buildRules = (
			);
			dependencies = (
				F93FE8B32D789BFF006FF4F4 /* PBXTargetDependency */,
				F93FE8B52D789BFF006FF4F4 /* PBXTargetDependency */,
			);
			fileSystemSynchronizedGroups = (
				F93FE8B62D789BFF006FF4F4 /* ImageListDataTests */,
			);
			name = ImageListDataTests;
			packageProductDependencies = (
			);
			productName = ImageListDataTests;
			productReference = F93FE8B02D789BFF006FF4F4 /* ImageListDataTests.xctest */;
			productType = "com.apple.product-type.bundle.unit-test";
		};
		F9843EEA295847EA00EB2CF4 /* ImageList */ = {
			isa = PBXNativeTarget;
			buildConfigurationList = F9843EFF295847EC00EB2CF4 /* Build configuration list for PBXNativeTarget "ImageList" */;
			buildPhases = (
				F9843EE7295847EA00EB2CF4 /* Sources */,
				F9843EE8295847EA00EB2CF4 /* Frameworks */,
				F9843EE9295847EA00EB2CF4 /* Resources */,
				F93FC4832D788E37006FF4F4 /* Embed Frameworks */,
			);
			buildRules = (
			);
			dependencies = (
				F9A75E482D745D2E00B7620F /* PBXTargetDependency */,
				F93FC47C2D788E37006FF4F4 /* PBXTargetDependency */,
				F93FE8BB2D789BFF006FF4F4 /* PBXTargetDependency */,
			);
			fileSystemSynchronizedGroups = (
				F9DF9ECC2D6658E600935115 /* ImageList */,
			);
			name = ImageList;
			packageProductDependencies = (
				296819C62F75993B00823A3A /* Kingfisher */,
				29681DED2F759D8500823A3A /* Swinject */,
			);
			productName = ImageList;
			productReference = F9843EEB295847EA00EB2CF4 /* ImageList.app */;
			productType = "com.apple.product-type.application";
		};
		F9A2913229B74A1C00CE9BE4 /* ImageListTests */ = {
			isa = PBXNativeTarget;
			buildConfigurationList = F9A2913929B74A1C00CE9BE4 /* Build configuration list for PBXNativeTarget "ImageListTests" */;
			buildPhases = (
				F9A2912F29B74A1C00CE9BE4 /* Sources */,
				F9A2913029B74A1C00CE9BE4 /* Frameworks */,
				F9A2913129B74A1C00CE9BE4 /* Resources */,
			);
			buildRules = (
			);
			dependencies = (
				F9A2913829B74A1C00CE9BE4 /* PBXTargetDependency */,
			);
			name = ImageListTests;
			productName = ImageListTests;
			productReference = F9A2913329B74A1C00CE9BE4 /* ImageListTests.xctest */;
			productType = "com.apple.product-type.bundle.unit-test";
		};
/* End PBXNativeTarget section */

/* Begin PBXProject section */
		F9843EE3295847EA00EB2CF4 /* Project object */ = {
			isa = PBXProject;
			attributes = {
				BuildIndependentTargetsInParallel = 1;
				LastSwiftUpdateCheck = 1620;
				LastUpgradeCheck = 1420;
				TargetAttributes = {
					F909C77329C32A5500CBA2E9 = {
						CreatedOnToolsVersion = 14.2;
						TestTargetID = F9843EEA295847EA00EB2CF4;
					};
					F93FC4762D788E37006FF4F4 = {
						CreatedOnToolsVersion = 16.2;
					};
					F93FE8A82D789BFF006FF4F4 = {
						CreatedOnToolsVersion = 16.2;
					};
					F93FE8AF2D789BFF006FF4F4 = {
						CreatedOnToolsVersion = 16.2;
						TestTargetID = F9843EEA295847EA00EB2CF4;
					};
					F9843EEA295847EA00EB2CF4 = {
						CreatedOnToolsVersion = 14.2;
					};
					F9A2913229B74A1C00CE9BE4 = {
						CreatedOnToolsVersion = 14.2;
						TestTargetID = F9843EEA295847EA00EB2CF4;
					};
				};
			};
			buildConfigurationList = F9843EE6295847EA00EB2CF4 /* Build configuration list for PBXProject "ImageList" */;
			compatibilityVersion = "Xcode 14.0";
			developmentRegion = en;
			hasScannedForEncodings = 0;
			knownRegions = (
				en,
				Base,
			);
			mainGroup = F9843EE2295847EA00EB2CF4;
			packageReferences = (
				F9A75E462D745CFF00B7620F /* XCRemoteSwiftPackageReference "SwiftLintPlugins" */,
				2998DDB52F7581A30057B2AD /* XCLocalSwiftPackageReference "../../MyPackages/NetworkService" */,
				296819C52F75993B00823A3A /* XCRemoteSwiftPackageReference "Kingfisher" */,
				29681DEC2F759D8500823A3A /* XCRemoteSwiftPackageReference "Swinject" */,
			);
			productRefGroup = F9843EEC295847EA00EB2CF4 /* Products */;
			projectDirPath = "";
			projectRoot = "";
			targets = (
				F9843EEA295847EA00EB2CF4 /* ImageList */,
				F9A2913229B74A1C00CE9BE4 /* ImageListTests */,
				F909C77329C32A5500CBA2E9 /* ImageListUITests */,
				F93FC4762D788E37006FF4F4 /* ImageListDomain */,
				F93FE8A82D789BFF006FF4F4 /* ImageListData */,
				F93FE8AF2D789BFF006FF4F4 /* ImageListDataTests */,
			);
		};
/* End PBXProject section */

/* Begin PBXResourcesBuildPhase section */
		F909C77229C32A5500CBA2E9 /* Resources */ = {
			isa = PBXResourcesBuildPhase;
			buildActionMask = 2147483647;
			files = (
			);
			runOnlyForDeploymentPostprocessing = 0;
		};
		F93FC4752D788E37006FF4F4 /* Resources */ = {
			isa = PBXResourcesBuildPhase;
			buildActionMask = 2147483647;
			files = (
			);
			runOnlyForDeploymentPostprocessing = 0;
		};
		F93FE8A72D789BFF006FF4F4 /* Resources */ = {
			isa = PBXResourcesBuildPhase;
			buildActionMask = 2147483647;
			files = (
			);
			runOnlyForDeploymentPostprocessing = 0;
		};
		F93FE8AE2D789BFF006FF4F4 /* Resources */ = {
			isa = PBXResourcesBuildPhase;
			buildActionMask = 2147483647;
			files = (
			);
			runOnlyForDeploymentPostprocessing = 0;
		};
		F9843EE9295847EA00EB2CF4 /* Resources */ = {
			isa = PBXResourcesBuildPhase;
			buildActionMask = 2147483647;
			files = (
			);
			runOnlyForDeploymentPostprocessing = 0;
		};
		F9A2913129B74A1C00CE9BE4 /* Resources */ = {
			isa = PBXResourcesBuildPhase;
			buildActionMask = 2147483647;
			files = (
			);
			runOnlyForDeploymentPostprocessing = 0;
		};
/* End PBXResourcesBuildPhase section */

/* Begin PBXSourcesBuildPhase section */
		F909C77029C32A5500CBA2E9 /* Sources */ = {
			isa = PBXSourcesBuildPhase;
			buildActionMask = 2147483647;
			files = (
			);
			runOnlyForDeploymentPostprocessing = 0;
		};
		F93FC4732D788E37006FF4F4 /* Sources */ = {
			isa = PBXSourcesBuildPhase;
			buildActionMask = 2147483647;
			files = (
			);
			runOnlyForDeploymentPostprocessing = 0;
		};
		F93FE8A52D789BFF006FF4F4 /* Sources */ = {
			isa = PBXSourcesBuildPhase;
			buildActionMask = 2147483647;
			files = (
			);
			runOnlyForDeploymentPostprocessing = 0;
		};
		F93FE8AC2D789BFF006FF4F4 /* Sources */ = {
			isa = PBXSourcesBuildPhase;
			buildActionMask = 2147483647;
			files = (
			);
			runOnlyForDeploymentPostprocessing = 0;
		};
		F9843EE7295847EA00EB2CF4 /* Sources */ = {
			isa = PBXSourcesBuildPhase;
			buildActionMask = 2147483647;
			files = (
			);
			runOnlyForDeploymentPostprocessing = 0;
		};
		F9A2912F29B74A1C00CE9BE4 /* Sources */ = {
			isa = PBXSourcesBuildPhase;
			buildActionMask = 2147483647;
			files = (
			);
			runOnlyForDeploymentPostprocessing = 0;
		};
/* End PBXSourcesBuildPhase section */

/* Begin PBXTargetDependency section */
		F909C77B29C32A5500CBA2E9 /* PBXTargetDependency */ = {
			isa = PBXTargetDependency;
			target = F9843EEA295847EA00EB2CF4 /* ImageList */;
			targetProxy = F909C77A29C32A5500CBA2E9 /* PBXContainerItemProxy */;
		};
		F93FC47C2D788E37006FF4F4 /* PBXTargetDependency */ = {
			isa = PBXTargetDependency;
			target = F93FC4762D788E37006FF4F4 /* ImageListDomain */;
			targetProxy = F93FC47B2D788E37006FF4F4 /* PBXContainerItemProxy */;
		};
		F93FE8B32D789BFF006FF4F4 /* PBXTargetDependency */ = {
			isa = PBXTargetDependency;
			target = F93FE8A82D789BFF006FF4F4 /* ImageListData */;
			targetProxy = F93FE8B22D789BFF006FF4F4 /* PBXContainerItemProxy */;
		};
		F93FE8B52D789BFF006FF4F4 /* PBXTargetDependency */ = {
			isa = PBXTargetDependency;
			target = F9843EEA295847EA00EB2CF4 /* ImageList */;
			targetProxy = F93FE8B42D789BFF006FF4F4 /* PBXContainerItemProxy */;
		};
		F93FE8BB2D789BFF006FF4F4 /* PBXTargetDependency */ = {
			isa = PBXTargetDependency;
			target = F93FE8A82D789BFF006FF4F4 /* ImageListData */;
			targetProxy = F93FE8BA2D789BFF006FF4F4 /* PBXContainerItemProxy */;
		};
		F99266352D78D51700CD4255 /* PBXTargetDependency */ = {
			isa = PBXTargetDependency;
			target = F93FC4762D788E37006FF4F4 /* ImageListDomain */;
			targetProxy = F99266342D78D51700CD4255 /* PBXContainerItemProxy */;
		};
		F9A2913829B74A1C00CE9BE4 /* PBXTargetDependency */ = {
			isa = PBXTargetDependency;
			target = F9843EEA295847EA00EB2CF4 /* ImageList */;
			targetProxy = F9A2913729B74A1C00CE9BE4 /* PBXContainerItemProxy */;
		};
		F9A75E482D745D2E00B7620F /* PBXTargetDependency */ = {
			isa = PBXTargetDependency;
			productRef = F9A75E472D745D2E00B7620F /* SwiftLintBuildToolPlugin */;
		};
/* End PBXTargetDependency section */

/* Begin XCBuildConfiguration section */
		F909C77D29C32A5500CBA2E9 /* Debug */ = {
			isa = XCBuildConfiguration;
			buildSettings = {
				CODE_SIGN_STYLE = Automatic;
				CURRENT_PROJECT_VERSION = 1;
				DEVELOPMENT_TEAM = LQ88P485N9;
				GENERATE_INFOPLIST_FILE = YES;
				IPHONEOS_DEPLOYMENT_TARGET = 16.0;
				MARKETING_VERSION = 1.0;
				PRODUCT_BUNDLE_IDENTIFIER = qwe.ImageListUITests;
				PRODUCT_NAME = "$(TARGET_NAME)";
				SWIFT_EMIT_LOC_STRINGS = NO;
				SWIFT_VERSION = 6.0;
				TARGETED_DEVICE_FAMILY = "1,2";
				TEST_TARGET_NAME = ImageList;
			};
			name = Debug;
		};
		F909C77E29C32A5500CBA2E9 /* Release */ = {
			isa = XCBuildConfiguration;
			buildSettings = {
				CODE_SIGN_STYLE = Automatic;
				CURRENT_PROJECT_VERSION = 1;
				DEVELOPMENT_TEAM = LQ88P485N9;
				GENERATE_INFOPLIST_FILE = YES;
				IPHONEOS_DEPLOYMENT_TARGET = 16.0;
				MARKETING_VERSION = 1.0;
				PRODUCT_BUNDLE_IDENTIFIER = qwe.ImageListUITests;
				PRODUCT_NAME = "$(TARGET_NAME)";
				SWIFT_EMIT_LOC_STRINGS = NO;
				SWIFT_VERSION = 6.0;
				TARGETED_DEVICE_FAMILY = "1,2";
				TEST_TARGET_NAME = ImageList;
			};
			name = Release;
		};
		F93FC4802D788E37006FF4F4 /* Debug */ = {
			isa = XCBuildConfiguration;
			baseConfigurationReferenceAnchor = F9DF9ECC2D6658E600935115 /* ImageList */;
			baseConfigurationReferenceRelativePath = Configurations.xcconfig;
			buildSettings = {
				ASSETCATALOG_COMPILER_GENERATE_SWIFT_ASSET_SYMBOL_EXTENSIONS = YES;
				BUILD_LIBRARY_FOR_DISTRIBUTION = NO;
				CODE_SIGN_STYLE = Automatic;
				CURRENT_PROJECT_VERSION = 1;
				DEFINES_MODULE = NO;
				DEVELOPMENT_TEAM = LQ88P485N9;
				DYLIB_COMPATIBILITY_VERSION = 1;
				DYLIB_CURRENT_VERSION = 1;
				DYLIB_INSTALL_NAME_BASE = "@rpath";
				ENABLE_MODULE_VERIFIER = YES;
				ENABLE_USER_SCRIPT_SANDBOXING = YES;
				GCC_C_LANGUAGE_STANDARD = gnu17;
				GENERATE_INFOPLIST_FILE = YES;
				INFOPLIST_KEY_NSHumanReadableCopyright = "";
				INSTALL_PATH = "$(LOCAL_LIBRARY_DIR)/Frameworks";
				IPHONEOS_DEPLOYMENT_TARGET = 16.0;
				LD_RUNPATH_SEARCH_PATHS = (
					"$(inherited)",
					"@executable_path/Frameworks",
					"@loader_path/Frameworks",
				);
				LOCALIZATION_PREFERS_STRING_CATALOGS = YES;
				MARKETING_VERSION = 1.0;
				MODULE_VERIFIER_SUPPORTED_LANGUAGES = "objective-c objective-c++";
				MODULE_VERIFIER_SUPPORTED_LANGUAGE_STANDARDS = "gnu17 gnu++20";
				PRODUCT_BUNDLE_IDENTIFIER = asddd.Domain;
				PRODUCT_NAME = "$(TARGET_NAME:c99extidentifier)";
				SKIP_INSTALL = YES;
				SWIFT_ACTIVE_COMPILATION_CONDITIONS = "DEBUG $(inherited)";
				SWIFT_EMIT_LOC_STRINGS = YES;
				SWIFT_INSTALL_OBJC_HEADER = NO;
				SWIFT_VERSION = 6.0;
				TARGETED_DEVICE_FAMILY = "1,2";
				VERSIONING_SYSTEM = "apple-generic";
				VERSION_INFO_PREFIX = "";
			};
			name = Debug;
		};
		F93FC4812D788E37006FF4F4 /* Release */ = {
			isa = XCBuildConfiguration;
			baseConfigurationReferenceAnchor = F9DF9ECC2D6658E600935115 /* ImageList */;
			baseConfigurationReferenceRelativePath = Configurations.xcconfig;
			buildSettings = {
				ASSETCATALOG_COMPILER_GENERATE_SWIFT_ASSET_SYMBOL_EXTENSIONS = YES;
				BUILD_LIBRARY_FOR_DISTRIBUTION = NO;
				CODE_SIGN_STYLE = Automatic;
				CURRENT_PROJECT_VERSION = 1;
				DEFINES_MODULE = NO;
				DEVELOPMENT_TEAM = LQ88P485N9;
				DYLIB_COMPATIBILITY_VERSION = 1;
				DYLIB_CURRENT_VERSION = 1;
				DYLIB_INSTALL_NAME_BASE = "@rpath";
				ENABLE_MODULE_VERIFIER = YES;
				ENABLE_USER_SCRIPT_SANDBOXING = YES;
				GCC_C_LANGUAGE_STANDARD = gnu17;
				GENERATE_INFOPLIST_FILE = YES;
				INFOPLIST_KEY_NSHumanReadableCopyright = "";
				INSTALL_PATH = "$(LOCAL_LIBRARY_DIR)/Frameworks";
				IPHONEOS_DEPLOYMENT_TARGET = 16.0;
				LD_RUNPATH_SEARCH_PATHS = (
					"$(inherited)",
					"@executable_path/Frameworks",
					"@loader_path/Frameworks",
				);
				LOCALIZATION_PREFERS_STRING_CATALOGS = YES;
				MARKETING_VERSION = 1.0;
				MODULE_VERIFIER_SUPPORTED_LANGUAGES = "objective-c objective-c++";
				MODULE_VERIFIER_SUPPORTED_LANGUAGE_STANDARDS = "gnu17 gnu++20";
				PRODUCT_BUNDLE_IDENTIFIER = asddd.Domain;
				PRODUCT_NAME = "$(TARGET_NAME:c99extidentifier)";
				SKIP_INSTALL = YES;
				SWIFT_EMIT_LOC_STRINGS = YES;
				SWIFT_INSTALL_OBJC_HEADER = NO;
				SWIFT_VERSION = 6.0;
				TARGETED_DEVICE_FAMILY = "1,2";
				VERSIONING_SYSTEM = "apple-generic";
				VERSION_INFO_PREFIX = "";
			};
			name = Release;
		};
		F93FE8BF2D789BFF006FF4F4 /* Debug */ = {
			isa = XCBuildConfiguration;
			baseConfigurationReferenceAnchor = F9DF9ECC2D6658E600935115 /* ImageList */;
			baseConfigurationReferenceRelativePath = Configurations.xcconfig;
			buildSettings = {
				ASSETCATALOG_COMPILER_GENERATE_SWIFT_ASSET_SYMBOL_EXTENSIONS = YES;
				BUILD_LIBRARY_FOR_DISTRIBUTION = NO;
				CODE_SIGN_STYLE = Automatic;
				CURRENT_PROJECT_VERSION = 1;
				DEFINES_MODULE = NO;
				DEVELOPMENT_TEAM = LQ88P485N9;
				DYLIB_COMPATIBILITY_VERSION = 1;
				DYLIB_CURRENT_VERSION = 1;
				DYLIB_INSTALL_NAME_BASE = "@rpath";
				ENABLE_MODULE_VERIFIER = YES;
				ENABLE_USER_SCRIPT_SANDBOXING = YES;
				GCC_C_LANGUAGE_STANDARD = gnu17;
				GENERATE_INFOPLIST_FILE = YES;
				INFOPLIST_KEY_NSHumanReadableCopyright = "";
				INSTALL_PATH = "$(LOCAL_LIBRARY_DIR)/Frameworks";
				IPHONEOS_DEPLOYMENT_TARGET = 16.0;
				LD_RUNPATH_SEARCH_PATHS = (
					"$(inherited)",
					"@executable_path/Frameworks",
					"@loader_path/Frameworks",
				);
				LOCALIZATION_PREFERS_STRING_CATALOGS = YES;
				MARKETING_VERSION = 1.0;
				MODULE_VERIFIER_SUPPORTED_LANGUAGES = "objective-c objective-c++";
				MODULE_VERIFIER_SUPPORTED_LANGUAGE_STANDARDS = "gnu17 gnu++20";
				PRODUCT_BUNDLE_IDENTIFIER = asddd.ImageListData;
				PRODUCT_NAME = "$(TARGET_NAME:c99extidentifier)";
				SKIP_INSTALL = YES;
				SWIFT_ACTIVE_COMPILATION_CONDITIONS = "DEBUG $(inherited)";
				SWIFT_EMIT_LOC_STRINGS = YES;
				SWIFT_INSTALL_OBJC_HEADER = NO;
				SWIFT_VERSION = 6.0;
				TARGETED_DEVICE_FAMILY = "1,2";
				VERSIONING_SYSTEM = "apple-generic";
				VERSION_INFO_PREFIX = "";
			};
			name = Debug;
		};
		F93FE8C02D789BFF006FF4F4 /* Release */ = {
			isa = XCBuildConfiguration;
			baseConfigurationReferenceAnchor = F9DF9ECC2D6658E600935115 /* ImageList */;
			baseConfigurationReferenceRelativePath = Configurations.xcconfig;
			buildSettings = {
				ASSETCATALOG_COMPILER_GENERATE_SWIFT_ASSET_SYMBOL_EXTENSIONS = YES;
				BUILD_LIBRARY_FOR_DISTRIBUTION = NO;
				CODE_SIGN_STYLE = Automatic;
				CURRENT_PROJECT_VERSION = 1;
				DEFINES_MODULE = NO;
				DEVELOPMENT_TEAM = LQ88P485N9;
				DYLIB_COMPATIBILITY_VERSION = 1;
				DYLIB_CURRENT_VERSION = 1;
				DYLIB_INSTALL_NAME_BASE = "@rpath";
				ENABLE_MODULE_VERIFIER = YES;
				ENABLE_USER_SCRIPT_SANDBOXING = YES;
				GCC_C_LANGUAGE_STANDARD = gnu17;
				GENERATE_INFOPLIST_FILE = YES;
				INFOPLIST_KEY_NSHumanReadableCopyright = "";
				INSTALL_PATH = "$(LOCAL_LIBRARY_DIR)/Frameworks";
				IPHONEOS_DEPLOYMENT_TARGET = 16.0;
				LD_RUNPATH_SEARCH_PATHS = (
					"$(inherited)",
					"@executable_path/Frameworks",
					"@loader_path/Frameworks",
				);
				LOCALIZATION_PREFERS_STRING_CATALOGS = YES;
				MARKETING_VERSION = 1.0;
				MODULE_VERIFIER_SUPPORTED_LANGUAGES = "objective-c objective-c++";
				MODULE_VERIFIER_SUPPORTED_LANGUAGE_STANDARDS = "gnu17 gnu++20";
				PRODUCT_BUNDLE_IDENTIFIER = asddd.ImageListData;
				PRODUCT_NAME = "$(TARGET_NAME:c99extidentifier)";
				SKIP_INSTALL = YES;
				SWIFT_EMIT_LOC_STRINGS = YES;
				SWIFT_INSTALL_OBJC_HEADER = NO;
				SWIFT_VERSION = 6.0;
				TARGETED_DEVICE_FAMILY = "1,2";
				VERSIONING_SYSTEM = "apple-generic";
				VERSION_INFO_PREFIX = "";
			};
			name = Release;
		};
		F93FE8C32D789BFF006FF4F4 /* Debug */ = {
			isa = XCBuildConfiguration;
			buildSettings = {
				ASSETCATALOG_COMPILER_GENERATE_SWIFT_ASSET_SYMBOL_EXTENSIONS = YES;
				CODE_SIGN_STYLE = Automatic;
				CURRENT_PROJECT_VERSION = 1;
				ENABLE_USER_SCRIPT_SANDBOXING = YES;
				GCC_C_LANGUAGE_STANDARD = gnu17;
				GENERATE_INFOPLIST_FILE = YES;
				IPHONEOS_DEPLOYMENT_TARGET = 16.0;
				LOCALIZATION_PREFERS_STRING_CATALOGS = YES;
				MARKETING_VERSION = 1.0;
				PRODUCT_BUNDLE_IDENTIFIER = asddd.ImageListDataTests;
				PRODUCT_NAME = "$(TARGET_NAME)";
				SWIFT_ACTIVE_COMPILATION_CONDITIONS = "DEBUG $(inherited)";
				SWIFT_EMIT_LOC_STRINGS = NO;
				SWIFT_VERSION = 6.0;
				TARGETED_DEVICE_FAMILY = "1,2";
				TEST_HOST = "$(BUILT_PRODUCTS_DIR)/ImageList.app/$(BUNDLE_EXECUTABLE_FOLDER_PATH)/ImageList";
			};
			name = Debug;
		};
		F93FE8C42D789BFF006FF4F4 /* Release */ = {
			isa = XCBuildConfiguration;
			buildSettings = {
				ASSETCATALOG_COMPILER_GENERATE_SWIFT_ASSET_SYMBOL_EXTENSIONS = YES;
				CODE_SIGN_STYLE = Automatic;
				CURRENT_PROJECT_VERSION = 1;
				ENABLE_USER_SCRIPT_SANDBOXING = YES;
				GCC_C_LANGUAGE_STANDARD = gnu17;
				GENERATE_INFOPLIST_FILE = YES;
				IPHONEOS_DEPLOYMENT_TARGET = 16.0;
				LOCALIZATION_PREFERS_STRING_CATALOGS = YES;
				MARKETING_VERSION = 1.0;
				PRODUCT_BUNDLE_IDENTIFIER = asddd.ImageListDataTests;
				PRODUCT_NAME = "$(TARGET_NAME)";
				SWIFT_EMIT_LOC_STRINGS = NO;
				SWIFT_VERSION = 6.0;
				TARGETED_DEVICE_FAMILY = "1,2";
				TEST_HOST = "$(BUILT_PRODUCTS_DIR)/ImageList.app/$(BUNDLE_EXECUTABLE_FOLDER_PATH)/ImageList";
			};
			name = Release;
		};
		F9843EFD295847EC00EB2CF4 /* Debug */ = {
			isa = XCBuildConfiguration;
			buildSettings = {
				ALWAYS_SEARCH_USER_PATHS = NO;
				CLANG_ANALYZER_NONNULL = YES;
				CLANG_ANALYZER_NUMBER_OBJECT_CONVERSION = YES_AGGRESSIVE;
				CLANG_CXX_LANGUAGE_STANDARD = "gnu++20";
				CLANG_ENABLE_MODULES = YES;
				CLANG_ENABLE_OBJC_ARC = YES;
				CLANG_ENABLE_OBJC_WEAK = YES;
				CLANG_WARN_BLOCK_CAPTURE_AUTORELEASING = YES;
				CLANG_WARN_BOOL_CONVERSION = YES;
				CLANG_WARN_COMMA = YES;
				CLANG_WARN_CONSTANT_CONVERSION = YES;
				CLANG_WARN_DEPRECATED_OBJC_IMPLEMENTATIONS = YES;
				CLANG_WARN_DIRECT_OBJC_ISA_USAGE = YES_ERROR;
				CLANG_WARN_DOCUMENTATION_COMMENTS = YES;
				CLANG_WARN_EMPTY_BODY = YES;
				CLANG_WARN_ENUM_CONVERSION = YES;
				CLANG_WARN_INFINITE_RECURSION = YES;
				CLANG_WARN_INT_CONVERSION = YES;
				CLANG_WARN_NON_LITERAL_NULL_CONVERSION = YES;
				CLANG_WARN_OBJC_IMPLICIT_RETAIN_SELF = YES;
				CLANG_WARN_OBJC_LITERAL_CONVERSION = YES;
				CLANG_WARN_OBJC_ROOT_CLASS = YES_ERROR;
				CLANG_WARN_QUOTED_INCLUDE_IN_FRAMEWORK_HEADER = YES;
				CLANG_WARN_RANGE_LOOP_ANALYSIS = YES;
				CLANG_WARN_STRICT_PROTOTYPES = YES;
				CLANG_WARN_SUSPICIOUS_MOVE = YES;
				CLANG_WARN_UNGUARDED_AVAILABILITY = YES_AGGRESSIVE;
				CLANG_WARN_UNREACHABLE_CODE = YES;
				CLANG_WARN__DUPLICATE_METHOD_MATCH = YES;
				COPY_PHASE_STRIP = NO;
				DEBUG_INFORMATION_FORMAT = dwarf;
				ENABLE_STRICT_OBJC_MSGSEND = YES;
				ENABLE_TESTABILITY = YES;
				GCC_C_LANGUAGE_STANDARD = gnu11;
				GCC_DYNAMIC_NO_PIC = NO;
				GCC_NO_COMMON_BLOCKS = YES;
				GCC_OPTIMIZATION_LEVEL = 0;
				GCC_PREPROCESSOR_DEFINITIONS = (
					"DEBUG=1",
					"$(inherited)",
				);
				GCC_WARN_64_TO_32_BIT_CONVERSION = YES;
				GCC_WARN_ABOUT_RETURN_TYPE = YES_ERROR;
				GCC_WARN_UNDECLARED_SELECTOR = YES;
				GCC_WARN_UNINITIALIZED_AUTOS = YES_AGGRESSIVE;
				GCC_WARN_UNUSED_FUNCTION = YES;
				GCC_WARN_UNUSED_VARIABLE = YES;
				IPHONEOS_DEPLOYMENT_TARGET = 16.0;
				MTL_ENABLE_DEBUG_INFO = INCLUDE_SOURCE;
				MTL_FAST_MATH = YES;
				ONLY_ACTIVE_ARCH = YES;
				SDKROOT = iphoneos;
				SWIFT_ACTIVE_COMPILATION_CONDITIONS = DEBUG;
				SWIFT_OPTIMIZATION_LEVEL = "-Onone";
				SWIFT_VERSION = 6.0;
			};
			name = Debug;
		};
		F9843EFE295847EC00EB2CF4 /* Release */ = {
			isa = XCBuildConfiguration;
			buildSettings = {
				ALWAYS_SEARCH_USER_PATHS = NO;
				CLANG_ANALYZER_NONNULL = YES;
				CLANG_ANALYZER_NUMBER_OBJECT_CONVERSION = YES_AGGRESSIVE;
				CLANG_CXX_LANGUAGE_STANDARD = "gnu++20";
				CLANG_ENABLE_MODULES = YES;
				CLANG_ENABLE_OBJC_ARC = YES;
				CLANG_ENABLE_OBJC_WEAK = YES;
				CLANG_WARN_BLOCK_CAPTURE_AUTORELEASING = YES;
				CLANG_WARN_BOOL_CONVERSION = YES;
				CLANG_WARN_COMMA = YES;
				CLANG_WARN_CONSTANT_CONVERSION = YES;
				CLANG_WARN_DEPRECATED_OBJC_IMPLEMENTATIONS = YES;
				CLANG_WARN_DIRECT_OBJC_ISA_USAGE = YES_ERROR;
				CLANG_WARN_DOCUMENTATION_COMMENTS = YES;
				CLANG_WARN_EMPTY_BODY = YES;
				CLANG_WARN_ENUM_CONVERSION = YES;
				CLANG_WARN_INFINITE_RECURSION = YES;
				CLANG_WARN_INT_CONVERSION = YES;
				CLANG_WARN_NON_LITERAL_NULL_CONVERSION = YES;
				CLANG_WARN_OBJC_IMPLICIT_RETAIN_SELF = YES;
				CLANG_WARN_OBJC_LITERAL_CONVERSION = YES;
				CLANG_WARN_OBJC_ROOT_CLASS = YES_ERROR;
				CLANG_WARN_QUOTED_INCLUDE_IN_FRAMEWORK_HEADER = YES;
				CLANG_WARN_RANGE_LOOP_ANALYSIS = YES;
				CLANG_WARN_STRICT_PROTOTYPES = YES;
				CLANG_WARN_SUSPICIOUS_MOVE = YES;
				CLANG_WARN_UNGUARDED_AVAILABILITY = YES_AGGRESSIVE;
				CLANG_WARN_UNREACHABLE_CODE = YES;
				CLANG_WARN__DUPLICATE_METHOD_MATCH = YES;
				COPY_PHASE_STRIP = NO;
				DEBUG_INFORMATION_FORMAT = "dwarf-with-dsym";
				ENABLE_NS_ASSERTIONS = NO;
				ENABLE_STRICT_OBJC_MSGSEND = YES;
				GCC_C_LANGUAGE_STANDARD = gnu11;
				GCC_NO_COMMON_BLOCKS = YES;
				GCC_WARN_64_TO_32_BIT_CONVERSION = YES;
				GCC_WARN_ABOUT_RETURN_TYPE = YES_ERROR;
				GCC_WARN_UNDECLARED_SELECTOR = YES;
				GCC_WARN_UNINITIALIZED_AUTOS = YES_AGGRESSIVE;
				GCC_WARN_UNUSED_FUNCTION = YES;
				GCC_WARN_UNUSED_VARIABLE = YES;
				IPHONEOS_DEPLOYMENT_TARGET = 16.0;
				MTL_ENABLE_DEBUG_INFO = NO;
				MTL_FAST_MATH = YES;
				SDKROOT = iphoneos;
				SWIFT_COMPILATION_MODE = wholemodule;
				SWIFT_OPTIMIZATION_LEVEL = "-O";
				SWIFT_VERSION = 6.0;
				VALIDATE_PRODUCT = YES;
			};
			name = Release;
		};
		F9843F00295847EC00EB2CF4 /* Debug */ = {
			isa = XCBuildConfiguration;
			baseConfigurationReferenceAnchor = F9DF9ECC2D6658E600935115 /* ImageList */;
			baseConfigurationReferenceRelativePath = Configurations.xcconfig;
			buildSettings = {
				ASSETCATALOG_COMPILER_APPICON_NAME = AppIcon;
				ASSETCATALOG_COMPILER_GLOBAL_ACCENT_COLOR_NAME = AccentColor;
				CODE_SIGN_STYLE = Automatic;
				CURRENT_PROJECT_VERSION = 1;
				DEVELOPMENT_TEAM = LQ88P485N9;
				GENERATE_INFOPLIST_FILE = YES;
				INFOPLIST_FILE = ImageList/Info.plist;
				INFOPLIST_KEY_NSPhotoLibraryAddUsageDescription = "The app wants to save image to your iPhone";
				INFOPLIST_KEY_UIApplicationSupportsIndirectInputEvents = YES;
				INFOPLIST_KEY_UILaunchStoryboardName = LaunchScreen;
				INFOPLIST_KEY_UIStatusBarHidden = NO;
				INFOPLIST_KEY_UIStatusBarStyle = UIStatusBarStyleDefault;
				INFOPLIST_KEY_UISupportedInterfaceOrientations = UIInterfaceOrientationPortrait;
				IPHONEOS_DEPLOYMENT_TARGET = 16.0;
				LD_RUNPATH_SEARCH_PATHS = (
					"$(inherited)",
					"@executable_path/Frameworks",
				);
				MARKETING_VERSION = 1.0;
				PRODUCT_BUNDLE_IDENTIFIER = qwe.ImageList;
				PRODUCT_NAME = "$(TARGET_NAME)";
				SUPPORTED_PLATFORMS = "iphoneos iphonesimulator";
				SUPPORTS_MACCATALYST = NO;
				SUPPORTS_MAC_DESIGNED_FOR_IPHONE_IPAD = NO;
				SWIFT_EMIT_LOC_STRINGS = YES;
				SWIFT_VERSION = 6.0;
				TARGETED_DEVICE_FAMILY = 1;
			};
			name = Debug;
		};
		F9843F01295847EC00EB2CF4 /* Release */ = {
			isa = XCBuildConfiguration;
			baseConfigurationReferenceAnchor = F9DF9ECC2D6658E600935115 /* ImageList */;
			baseConfigurationReferenceRelativePath = Configurations.xcconfig;
			buildSettings = {
				ASSETCATALOG_COMPILER_APPICON_NAME = AppIcon;
				ASSETCATALOG_COMPILER_GLOBAL_ACCENT_COLOR_NAME = AccentColor;
				CODE_SIGN_STYLE = Automatic;
				CURRENT_PROJECT_VERSION = 1;
				DEVELOPMENT_TEAM = LQ88P485N9;
				GENERATE_INFOPLIST_FILE = YES;
				INFOPLIST_FILE = ImageList/Info.plist;
				INFOPLIST_KEY_NSPhotoLibraryAddUsageDescription = "The app wants to save image to your iPhone";
				INFOPLIST_KEY_UIApplicationSupportsIndirectInputEvents = YES;
				INFOPLIST_KEY_UILaunchStoryboardName = LaunchScreen;
				INFOPLIST_KEY_UIStatusBarHidden = NO;
				INFOPLIST_KEY_UIStatusBarStyle = UIStatusBarStyleDefault;
				INFOPLIST_KEY_UISupportedInterfaceOrientations = UIInterfaceOrientationPortrait;
				IPHONEOS_DEPLOYMENT_TARGET = 16.0;
				LD_RUNPATH_SEARCH_PATHS = (
					"$(inherited)",
					"@executable_path/Frameworks",
				);
				MARKETING_VERSION = 1.0;
				PRODUCT_BUNDLE_IDENTIFIER = qwe.ImageList;
				PRODUCT_NAME = "$(TARGET_NAME)";
				SUPPORTED_PLATFORMS = "iphoneos iphonesimulator";
				SUPPORTS_MACCATALYST = NO;
				SUPPORTS_MAC_DESIGNED_FOR_IPHONE_IPAD = NO;
				SWIFT_EMIT_LOC_STRINGS = YES;
				SWIFT_VERSION = 6.0;
				TARGETED_DEVICE_FAMILY = 1;
			};
			name = Release;
		};
		F9A2913A29B74A1C00CE9BE4 /* Debug */ = {
			isa = XCBuildConfiguration;
			buildSettings = {
				BUNDLE_LOADER = "$(TEST_HOST)";
				CODE_SIGN_STYLE = Automatic;
				CURRENT_PROJECT_VERSION = 1;
				DEVELOPMENT_TEAM = LQ88P485N9;
				GENERATE_INFOPLIST_FILE = YES;
				IPHONEOS_DEPLOYMENT_TARGET = 16.0;
				MARKETING_VERSION = 1.0;
				PRODUCT_BUNDLE_IDENTIFIER = qwe.ImageListTests;
				PRODUCT_NAME = "$(TARGET_NAME)";
				SWIFT_EMIT_LOC_STRINGS = NO;
				SWIFT_VERSION = 5.0;
				TARGETED_DEVICE_FAMILY = "1,2";
				TEST_HOST = "$(BUILT_PRODUCTS_DIR)/ImageList.app/$(BUNDLE_EXECUTABLE_FOLDER_PATH)/ImageList";
			};
			name = Debug;
		};
		F9A2913B29B74A1C00CE9BE4 /* Release */ = {
			isa = XCBuildConfiguration;
			buildSettings = {
				BUNDLE_LOADER = "$(TEST_HOST)";
				CODE_SIGN_STYLE = Automatic;
				CURRENT_PROJECT_VERSION = 1;
				DEVELOPMENT_TEAM = LQ88P485N9;
				GENERATE_INFOPLIST_FILE = YES;
				IPHONEOS_DEPLOYMENT_TARGET = 16.0;
				MARKETING_VERSION = 1.0;
				PRODUCT_BUNDLE_IDENTIFIER = qwe.ImageListTests;
				PRODUCT_NAME = "$(TARGET_NAME)";
				SWIFT_EMIT_LOC_STRINGS = NO;
				SWIFT_VERSION = 5.0;
				TARGETED_DEVICE_FAMILY = "1,2";
				TEST_HOST = "$(BUILT_PRODUCTS_DIR)/ImageList.app/$(BUNDLE_EXECUTABLE_FOLDER_PATH)/ImageList";
			};
			name = Release;
		};
/* End XCBuildConfiguration section */

/* Begin XCConfigurationList section */
		F909C77C29C32A5500CBA2E9 /* Build configuration list for PBXNativeTarget "ImageListUITests" */ = {
			isa = XCConfigurationList;
			buildConfigurations = (
				F909C77D29C32A5500CBA2E9 /* Debug */,
				F909C77E29C32A5500CBA2E9 /* Release */,
			);
			defaultConfigurationIsVisible = 0;
			defaultConfigurationName = Release;
		};
		F93FC47F2D788E37006FF4F4 /* Build configuration list for PBXNativeTarget "ImageListDomain" */ = {
			isa = XCConfigurationList;
			buildConfigurations = (
				F93FC4802D788E37006FF4F4 /* Debug */,
				F93FC4812D788E37006FF4F4 /* Release */,
			);
			defaultConfigurationIsVisible = 0;
			defaultConfigurationName = Release;
		};
		F93FE8BE2D789BFF006FF4F4 /* Build configuration list for PBXNativeTarget "ImageListData" */ = {
			isa = XCConfigurationList;
			buildConfigurations = (
				F93FE8BF2D789BFF006FF4F4 /* Debug */,
				F93FE8C02D789BFF006FF4F4 /* Release */,
			);
			defaultConfigurationIsVisible = 0;
			defaultConfigurationName = Release;
		};
		F93FE8C22D789BFF006FF4F4 /* Build configuration list for PBXNativeTarget "ImageListDataTests" */ = {
			isa = XCConfigurationList;
			buildConfigurations = (
				F93FE8C32D789BFF006FF4F4 /* Debug */,
				F93FE8C42D789BFF006FF4F4 /* Release */,
			);
			defaultConfigurationIsVisible = 0;
			defaultConfigurationName = Release;
		};
		F9843EE6295847EA00EB2CF4 /* Build configuration list for PBXProject "ImageList" */ = {
			isa = XCConfigurationList;
			buildConfigurations = (
				F9843EFD295847EC00EB2CF4 /* Debug */,
				F9843EFE295847EC00EB2CF4 /* Release */,
			);
			defaultConfigurationIsVisible = 0;
			defaultConfigurationName = Release;
		};
		F9843EFF295847EC00EB2CF4 /* Build configuration list for PBXNativeTarget "ImageList" */ = {
			isa = XCConfigurationList;
			buildConfigurations = (
				F9843F00295847EC00EB2CF4 /* Debug */,
				F9843F01295847EC00EB2CF4 /* Release */,
			);
			defaultConfigurationIsVisible = 0;
			defaultConfigurationName = Release;
		};
		F9A2913929B74A1C00CE9BE4 /* Build configuration list for PBXNativeTarget "ImageListTests" */ = {
			isa = XCConfigurationList;
			buildConfigurations = (
				F9A2913A29B74A1C00CE9BE4 /* Debug */,
				F9A2913B29B74A1C00CE9BE4 /* Release */,
			);
			defaultConfigurationIsVisible = 0;
			defaultConfigurationName = Release;
		};
/* End XCConfigurationList section */

/* Begin XCLocalSwiftPackageReference section */
		2998DDB52F7581A30057B2AD /* XCLocalSwiftPackageReference "../../MyPackages/NetworkService" */ = {
			isa = XCLocalSwiftPackageReference;
			relativePath = ../../MyPackages/NetworkService;
		};
/* End XCLocalSwiftPackageReference section */

/* Begin XCRemoteSwiftPackageReference section */
		296819C52F75993B00823A3A /* XCRemoteSwiftPackageReference "Kingfisher" */ = {
			isa = XCRemoteSwiftPackageReference;
			repositoryURL = "https://github.com/onevcat/Kingfisher.git";
			requirement = {
				kind = upToNextMajorVersion;
				minimumVersion = 8.8.0;
			};
		};
		29681DEC2F759D8500823A3A /* XCRemoteSwiftPackageReference "Swinject" */ = {
			isa = XCRemoteSwiftPackageReference;
			repositoryURL = "https://github.com/Swinject/Swinject.git";
			requirement = {
				kind = upToNextMajorVersion;
				minimumVersion = 2.10.0;
			};
		};
		F9A75E462D745CFF00B7620F /* XCRemoteSwiftPackageReference "SwiftLintPlugins" */ = {
			isa = XCRemoteSwiftPackageReference;
			repositoryURL = "https://github.com/SimplyDanny/SwiftLintPlugins";
			requirement = {
				kind = upToNextMajorVersion;
				minimumVersion = 0.58.2;
			};
		};
/* End XCRemoteSwiftPackageReference section */

/* Begin XCSwiftPackageProductDependency section */
		296155572EC7910900D035DC /* NetworkService */ = {
			isa = XCSwiftPackageProductDependency;
			productName = NetworkService;
		};
		296819C62F75993B00823A3A /* Kingfisher */ = {
			isa = XCSwiftPackageProductDependency;
			package = 296819C52F75993B00823A3A /* XCRemoteSwiftPackageReference "Kingfisher" */;
			productName = Kingfisher;
		};
		29681DED2F759D8500823A3A /* Swinject */ = {
			isa = XCSwiftPackageProductDependency;
			package = 29681DEC2F759D8500823A3A /* XCRemoteSwiftPackageReference "Swinject" */;
			productName = Swinject;
		};
		29681DF02F759D8C00823A3A /* Swinject */ = {
			isa = XCSwiftPackageProductDependency;
			package = 29681DEC2F759D8500823A3A /* XCRemoteSwiftPackageReference "Swinject" */;
			productName = Swinject;
		};
		29681DF22F759D9100823A3A /* Swinject */ = {
			isa = XCSwiftPackageProductDependency;
			package = 29681DEC2F759D8500823A3A /* XCRemoteSwiftPackageReference "Swinject" */;
			productName = Swinject;
		};
		2998DDB62F7581A30057B2AD /* NetworkService */ = {
			isa = XCSwiftPackageProductDependency;
			productName = NetworkService;
		};
		2998DDB82F7581A30057B2AD /* NetworkServiceDomain */ = {
			isa = XCSwiftPackageProductDependency;
			productName = NetworkServiceDomain;
		};
		F93FE8CC2D789C38006FF4F4 /* NetworkService */ = {
			isa = XCSwiftPackageProductDependency;
			productName = NetworkService;
		};
		F9A75E472D745D2E00B7620F /* SwiftLintBuildToolPlugin */ = {
			isa = XCSwiftPackageProductDependency;
			package = F9A75E462D745CFF00B7620F /* XCRemoteSwiftPackageReference "SwiftLintPlugins" */;
			productName = "plugin:SwiftLintBuildToolPlugin";
		};
/* End XCSwiftPackageProductDependency section */
	};
	rootObject = F9843EE3295847EA00EB2CF4 /* Project object */;
}
